
Microsoft Visual Studio Solution File, Format Version 12.00
# Visual Studio Version 17
VisualStudioVersion = 17.9.34723.18
MinimumVisualStudioVersion = 10.0.40219.1
Project("{FAE04EC0-301F-11D3-BF4B-00C04F79EFBC}") = "4_lengthof_username", "4_lengthof_username\4_lengthof_username.csproj", "{9F27E602-03D0-4262-BEDA-343546C12BEA}"
EndProject
Global
	GlobalSection(SolutionConfigurationPlatforms) = preSolution
		Debug|Any CPU = Debug|Any CPU
		Release|Any CPU = Release|Any CPU
	EndGlobalSection
	GlobalSection(ProjectConfigurationPlatforms) = postSolution
		{9F27E602-03D0-4262-BEDA-343546C12BEA}.Debug|Any CPU.ActiveCfg = Debug|Any CPU
		{9F27E602-03D0-4262-BEDA-343546C12BEA}.Debug|Any CPU.Build.0 = Debug|Any CPU
		{9F27E602-03D0-4262-BEDA-343546C12BEA}.Release|Any CPU.ActiveCfg = Release|Any CPU
		{9F27E602-03D0-4262-BEDA-343546C12BEA}.Release|Any CPU.Build.0 = Release|Any CPU
	EndGlobalSection
	GlobalSection(SolutionProperties) = preSolution
		HideSolutionNode = FALSE
	EndGlobalSection
	GlobalSection(ExtensibilityGlobals) = postSolution
		SolutionGuid = {A712336B-282B-4593-9A7C-75F955F62662}
	EndGlobalSection
EndGlobal
