
Microsoft Visual Studio Solution File, Format Version 12.00
# Visual Studio Version 17
VisualStudioVersion = 17.9.34723.18
MinimumVisualStudioVersion = 10.0.40219.1
Project("{FAE04EC0-301F-11D3-BF4B-00C04F79EFBC}") = "MovieBookingApplication", "MovieBookingApplication\MovieBookingApplication.csproj", "{108C8E2D-C5E6-414A-891D-53C49DEFF103}"
EndProject
Project("{FAE04EC0-301F-11D3-BF4B-00C04F79EFBC}") = "MovieBooking_Library", "MovieBooking_Library\MovieBooking_Library.csproj", "{740D9C37-527A-48FA-9B07-EEF3436CEC45}"
EndProject
Global
	GlobalSection(SolutionConfigurationPlatforms) = preSolution
		Debug|Any CPU = Debug|Any CPU
		Release|Any CPU = Release|Any CPU
	EndGlobalSection
	GlobalSection(ProjectConfigurationPlatforms) = postSolution
		{108C8E2D-C5E6-414A-891D-53C49DEFF103}.Debug|Any CPU.ActiveCfg = Debug|Any CPU
		{108C8E2D-C5E6-414A-891D-53C49DEFF103}.Debug|Any CPU.Build.0 = Debug|Any CPU
		{108C8E2D-C5E6-414A-891D-53C49DEFF103}.Release|Any CPU.ActiveCfg = Release|Any CPU
		{108C8E2D-C5E6-414A-891D-53C49DEFF103}.Release|Any CPU.Build.0 = Release|Any CPU
		{740D9C37-527A-48FA-9B07-EEF3436CEC45}.Debug|Any CPU.ActiveCfg = Debug|Any CPU
		{740D9C37-527A-48FA-9B07-EEF3436CEC45}.Debug|Any CPU.Build.0 = Debug|Any CPU
		{740D9C37-527A-48FA-9B07-EEF3436CEC45}.Release|Any CPU.ActiveCfg = Release|Any CPU
		{740D9C37-527A-48FA-9B07-EEF3436CEC45}.Release|Any CPU.Build.0 = Release|Any CPU
	EndGlobalSection
	GlobalSection(SolutionProperties) = preSolution
		HideSolutionNode = FALSE
	EndGlobalSection
	GlobalSection(ExtensibilityGlobals) = postSolution
		SolutionGuid = {ECD92DF5-CACC-4E14-833B-D01046F682C1}
	EndGlobalSection
EndGlobal
