
Microsoft Visual Studio Solution File, Format Version 12.00
# Visual Studio Version 17
VisualStudioVersion = 17.9.34723.18
MinimumVisualStudioVersion = 10.0.40219.1
Project("{FAE04EC0-301F-11D3-BF4B-00C04F79EFBC}") = "2_Bullsand cows", "2_Bullsand cows\2_Bullsand cows.csproj", "{A41967AA-924A-474D-90B4-AF4BCBEBCB3D}"
EndProject
Global
	GlobalSection(SolutionConfigurationPlatforms) = preSolution
		Debug|Any CPU = Debug|Any CPU
		Release|Any CPU = Release|Any CPU
	EndGlobalSection
	GlobalSection(ProjectConfigurationPlatforms) = postSolution
		{A41967AA-924A-474D-90B4-AF4BCBEBCB3D}.Debug|Any CPU.ActiveCfg = Debug|Any CPU
		{A41967AA-924A-474D-90B4-AF4BCBEBCB3D}.Debug|Any CPU.Build.0 = Debug|Any CPU
		{A41967AA-924A-474D-90B4-AF4BCBEBCB3D}.Release|Any CPU.ActiveCfg = Release|Any CPU
		{A41967AA-924A-474D-90B4-AF4BCBEBCB3D}.Release|Any CPU.Build.0 = Release|Any CPU
	EndGlobalSection
	GlobalSection(SolutionProperties) = preSolution
		HideSolutionNode = FALSE
	EndGlobalSection
	GlobalSection(ExtensibilityGlobals) = postSolution
		SolutionGuid = {C90B8DD5-C14C-41C9-AFC3-6B97FCC906D8}
	EndGlobalSection
EndGlobal
