
Microsoft Visual Studio Solution File, Format Version 12.00
# Visual Studio Version 17
VisualStudioVersion = 17.9.34728.123
MinimumVisualStudioVersion = 10.0.40219.1
Project("{FAE04EC0-301F-11D3-BF4B-00C04F79EFBC}") = "PizzaOrderingApp", "PizzaOrderingApp\PizzaOrderingApp.csproj", "{F42D375D-1868-4905-A0FC-3E2959F175DC}"
EndProject
Global
	GlobalSection(SolutionConfigurationPlatforms) = preSolution
		Debug|Any CPU = Debug|Any CPU
		Release|Any CPU = Release|Any CPU
	EndGlobalSection
	GlobalSection(ProjectConfigurationPlatforms) = postSolution
		{F42D375D-1868-4905-A0FC-3E2959F175DC}.Debug|Any CPU.ActiveCfg = Debug|Any CPU
		{F42D375D-1868-4905-A0FC-3E2959F175DC}.Debug|Any CPU.Build.0 = Debug|Any CPU
		{F42D375D-1868-4905-A0FC-3E2959F175DC}.Release|Any CPU.ActiveCfg = Release|Any CPU
		{F42D375D-1868-4905-A0FC-3E2959F175DC}.Release|Any CPU.Build.0 = Release|Any CPU
	EndGlobalSection
	GlobalSection(SolutionProperties) = preSolution
		HideSolutionNode = FALSE
	EndGlobalSection
	GlobalSection(ExtensibilityGlobals) = postSolution
		SolutionGuid = {F7D8277A-6C96-4C53-B08A-CA165087AFF9}
	EndGlobalSection
EndGlobal
