
Microsoft Visual Studio Solution File, Format Version 12.00
# Visual Studio Version 17
VisualStudioVersion = 17.9.34723.18
MinimumVisualStudioVersion = 10.0.40219.1
Project("{FAE04EC0-301F-11D3-BF4B-00C04F79EFBC}") = "Request_tracker", "Request_tracker\Request_tracker.csproj", "{02452062-B1EE-4DB6-B641-B26C3DD6BBF3}"
EndProject
Global
	GlobalSection(SolutionConfigurationPlatforms) = preSolution
		Debug|Any CPU = Debug|Any CPU
		Release|Any CPU = Release|Any CPU
	EndGlobalSection
	GlobalSection(ProjectConfigurationPlatforms) = postSolution
		{02452062-B1EE-4DB6-B641-B26C3DD6BBF3}.Debug|Any CPU.ActiveCfg = Debug|Any CPU
		{02452062-B1EE-4DB6-B641-B26C3DD6BBF3}.Debug|Any CPU.Build.0 = Debug|Any CPU
		{02452062-B1EE-4DB6-B641-B26C3DD6BBF3}.Release|Any CPU.ActiveCfg = Release|Any CPU
		{02452062-B1EE-4DB6-B641-B26C3DD6BBF3}.Release|Any CPU.Build.0 = Release|Any CPU
	EndGlobalSection
	GlobalSection(SolutionProperties) = preSolution
		HideSolutionNode = FALSE
	EndGlobalSection
	GlobalSection(ExtensibilityGlobals) = postSolution
		SolutionGuid = {7005C075-0693-4AEB-A6CB-36CAAFBE40DC}
	EndGlobalSection
EndGlobal
